// !$*UTF8*$!
{
	archiveVersion = 1;
	classes = {
	};
	objectVersion = 77;
	objects = {

/* Begin PBXBuildFile section */
		BE0F21422DB18FF000522A89 /* VideoEditorSDK in Frameworks */ = {isa = PBXBuildFile; productRef = BE0F21412DB18FF000522A89 /* VideoEditorSDK */; };
		BE17399F2DA81313003936FC /* NVActivityIndicatorView in Frameworks */ = {isa = PBXBuildFile; productRef = BE17399E2DA81313003936FC /* NVActivityIndicatorView */; };
		BE1739A12DA81313003936FC /* NVActivityIndicatorViewExtended in Frameworks */ = {isa = PBXBuildFile; productRef = BE1739A02DA81313003936FC /* NVActivityIndicatorViewExtended */; };
		BE1739A42DA814C8003936FC /* ActivityIndicatorManager.swift in Sources */ = {isa = PBXBuildFile; fileRef = BE1739A32DA814C7003936FC /* ActivityIndicatorManager.swift */; };
		BE293D572DA6B28C00A82949 /* TrimmerViewController.swift in Sources */ = {isa = PBXBuildFile; fileRef = BE293D562DA6B28C00A82949 /* TrimmerViewController.swift */; };
		BE293D592DA6B2DD00A82949 /* VideoTrimmerThumb.swift in Sources */ = {isa = PBXBuildFile; fileRef = BE293D582DA6B2DA00A82949 /* VideoTrimmerThumb.swift */; };
		BE293D5B2DA6B2F100A82949 /* VideoTrimmer.swift in Sources */ = {isa = PBXBuildFile; fileRef = BE293D5A2DA6B2F000A82949 /* VideoTrimmer.swift */; };
		BE293D5D2DA6B38600A82949 /* TrimmerViewController.storyboard in Resources */ = {isa = PBXBuildFile; fileRef = BE293D5C2DA6B38600A82949 /* TrimmerViewController.storyboard */; };
		BE293D5F2DA6B3AE00A82949 /* SampleVideo.mp4 in Resources */ = {isa = PBXBuildFile; fileRef = BE293D5E2DA6B3AE00A82949 /* SampleVideo.mp4 */; };
		BE62502D2D94645600C16202 /* AppDelegate.swift in Sources */ = {isa = PBXBuildFile; fileRef = BE6250212D94645600C16202 /* AppDelegate.swift */; };
		BE62502E2D94645600C16202 /* SceneDelegate.swift in Sources */ = {isa = PBXBuildFile; fileRef = BE6250282D94645600C16202 /* SceneDelegate.swift */; };
		BE62502F2D94645600C16202 /* VideoEditing.xcdatamodeld in Sources */ = {isa = PBXBuildFile; fileRef = BE6250292D94645600C16202 /* VideoEditing.xcdatamodeld */; };
		BE6250302D94645600C16202 /* ViewController.swift in Sources */ = {isa = PBXBuildFile; fileRef = BE62502A2D94645600C16202 /* ViewController.swift */; };
		BE6250312D94645600C16202 /* Assets.xcassets in Resources */ = {isa = PBXBuildFile; fileRef = BE6250222D94645600C16202 /* Assets.xcassets */; };
		BE6250332D94645600C16202 /* LaunchScreen.storyboard in Resources */ = {isa = PBXBuildFile; fileRef = BE6250252D94645600C16202 /* LaunchScreen.storyboard */; };
		BE6250342D94645600C16202 /* Main.storyboard in Resources */ = {isa = PBXBuildFile; fileRef = BE6250272D94645600C16202 /* Main.storyboard */; };
		BE982A972DA10817007E15E5 /* MenuCVCell.swift in Sources */ = {isa = PBXBuildFile; fileRef = BE982A952DA10817007E15E5 /* MenuCVCell.swift */; };
		BE982A982DA10817007E15E5 /* MenuCVCell.xib in Resources */ = {isa = PBXBuildFile; fileRef = BE982A962DA10817007E15E5 /* MenuCVCell.xib */; };
		BE982A9C2DA11D15007E15E5 /* FilterCVCell.swift in Sources */ = {isa = PBXBuildFile; fileRef = BE982A9A2DA11D15007E15E5 /* FilterCVCell.swift */; };
		BE982A9D2DA11D15007E15E5 /* FilterCVCell.xib in Resources */ = {isa = PBXBuildFile; fileRef = BE982A9B2DA11D15007E15E5 /* FilterCVCell.xib */; };
		BE982AA12DA1215E007E15E5 /* CommonEditor.swift in Sources */ = {isa = PBXBuildFile; fileRef = BE982AA02DA1215B007E15E5 /* CommonEditor.swift */; };
		BEDFCB422DB14A5E00657CA9 /* SpeedCell.xib in Resources */ = {isa = PBXBuildFile; fileRef = BEDFCB412DB14A5E00657CA9 /* SpeedCell.xib */; };
		BEDFCB432DB14A5E00657CA9 /* SpeedCell.swift in Sources */ = {isa = PBXBuildFile; fileRef = BEDFCB402DB14A5E00657CA9 /* SpeedCell.swift */; };
/* End PBXBuildFile section */

/* Begin PBXFileReference section */
		BE1739A32DA814C7003936FC /* ActivityIndicatorManager.swift */ = {isa = PBXFileReference; lastKnownFileType = sourcecode.swift; path = ActivityIndicatorManager.swift; sourceTree = "<group>"; };
		BE293D562DA6B28C00A82949 /* TrimmerViewController.swift */ = {isa = PBXFileReference; lastKnownFileType = sourcecode.swift; path = TrimmerViewController.swift; sourceTree = "<group>"; };
		BE293D582DA6B2DA00A82949 /* VideoTrimmerThumb.swift */ = {isa = PBXFileReference; lastKnownFileType = sourcecode.swift; path = VideoTrimmerThumb.swift; sourceTree = "<group>"; };
		BE293D5A2DA6B2F000A82949 /* VideoTrimmer.swift */ = {isa = PBXFileReference; lastKnownFileType = sourcecode.swift; path = VideoTrimmer.swift; sourceTree = "<group>"; };
		BE293D5C2DA6B38600A82949 /* TrimmerViewController.storyboard */ = {isa = PBXFileReference; lastKnownFileType = file.storyboard; path = TrimmerViewController.storyboard; sourceTree = "<group>"; };
		BE293D5E2DA6B3AE00A82949 /* SampleVideo.mp4 */ = {isa = PBXFileReference; lastKnownFileType = file; path = SampleVideo.mp4; sourceTree = "<group>"; };
		BE6250062D94644F00C16202 /* VideoEditing.app */ = {isa = PBXFileReference; explicitFileType = wrapper.application; includeInIndex = 0; path = VideoEditing.app; sourceTree = BUILT_PRODUCTS_DIR; };
		BE6250212D94645600C16202 /* AppDelegate.swift */ = {isa = PBXFileReference; lastKnownFileType = sourcecode.swift; path = AppDelegate.swift; sourceTree = "<group>"; };
		BE6250222D94645600C16202 /* Assets.xcassets */ = {isa = PBXFileReference; lastKnownFileType = folder.assetcatalog; path = Assets.xcassets; sourceTree = "<group>"; };
		BE6250232D94645600C16202 /* Info.plist */ = {isa = PBXFileReference; lastKnownFileType = text.plist.xml; path = Info.plist; sourceTree = "<group>"; };
		BE6250242D94645600C16202 /* Base */ = {isa = PBXFileReference; lastKnownFileType = file.storyboard; name = Base; path = Base.lproj/LaunchScreen.storyboard; sourceTree = "<group>"; };
		BE6250262D94645600C16202 /* Base */ = {isa = PBXFileReference; lastKnownFileType = file.storyboard; name = Base; path = Base.lproj/Main.storyboard; sourceTree = "<group>"; };
		BE6250282D94645600C16202 /* SceneDelegate.swift */ = {isa = PBXFileReference; lastKnownFileType = sourcecode.swift; path = SceneDelegate.swift; sourceTree = "<group>"; };
		BE62502A2D94645600C16202 /* ViewController.swift */ = {isa = PBXFileReference; lastKnownFileType = sourcecode.swift; path = ViewController.swift; sourceTree = "<group>"; };
		BE62502C2D94645600C16202 /* VideoEditing.xcdatamodel */ = {isa = PBXFileReference; lastKnownFileType = wrapper.xcdatamodel; path = VideoEditing.xcdatamodel; sourceTree = "<group>"; };
		BE982A952DA10817007E15E5 /* MenuCVCell.swift */ = {isa = PBXFileReference; lastKnownFileType = sourcecode.swift; path = MenuCVCell.swift; sourceTree = "<group>"; };
		BE982A962DA10817007E15E5 /* MenuCVCell.xib */ = {isa = PBXFileReference; lastKnownFileType = file.xib; path = MenuCVCell.xib; sourceTree = "<group>"; };
		BE982A9A2DA11D15007E15E5 /* FilterCVCell.swift */ = {isa = PBXFileReference; lastKnownFileType = sourcecode.swift; path = FilterCVCell.swift; sourceTree = "<group>"; };
		BE982A9B2DA11D15007E15E5 /* FilterCVCell.xib */ = {isa = PBXFileReference; lastKnownFileType = file.xib; path = FilterCVCell.xib; sourceTree = "<group>"; };
		BE982AA02DA1215B007E15E5 /* CommonEditor.swift */ = {isa = PBXFileReference; lastKnownFileType = sourcecode.swift; path = CommonEditor.swift; sourceTree = "<group>"; };
		BEDFCB402DB14A5E00657CA9 /* SpeedCell.swift */ = {isa = PBXFileReference; lastKnownFileType = sourcecode.swift; path = SpeedCell.swift; sourceTree = "<group>"; };
		BEDFCB412DB14A5E00657CA9 /* SpeedCell.xib */ = {isa = PBXFileReference; lastKnownFileType = file.xib; path = SpeedCell.xib; sourceTree = "<group>"; };
/* End PBXFileReference section */

/* Begin PBXFrameworksBuildPhase section */
		BE6250032D94644F00C16202 /* Frameworks */ = {
			isa = PBXFrameworksBuildPhase;
			buildActionMask = 2147483647;
			files = (
				BE17399F2DA81313003936FC /* NVActivityIndicatorView in Frameworks */,
				BE0F21422DB18FF000522A89 /* VideoEditorSDK in Frameworks */,
				BE1739A12DA81313003936FC /* NVActivityIndicatorViewExtended in Frameworks */,
			);
			runOnlyForDeploymentPostprocessing = 0;
		};
/* End PBXFrameworksBuildPhase section */

/* Begin PBXGroup section */
		BE1739A22DA814AD003936FC /* ActivityIndicator */ = {
			isa = PBXGroup;
			children = (
				BE1739A32DA814C7003936FC /* ActivityIndicatorManager.swift */,
			);
			path = ActivityIndicator;
			sourceTree = "<group>";
		};
		BE293D552DA6B25700A82949 /* Trimmer */ = {
			isa = PBXGroup;
			children = (
				BE293D5A2DA6B2F000A82949 /* VideoTrimmer.swift */,
				BE293D582DA6B2DA00A82949 /* VideoTrimmerThumb.swift */,
				BE293D562DA6B28C00A82949 /* TrimmerViewController.swift */,
				BE293D5C2DA6B38600A82949 /* TrimmerViewController.storyboard */,
			);
			path = Trimmer;
			sourceTree = "<group>";
		};
		BE293D602DA6B3B300A82949 /* Resource */ = {
			isa = PBXGroup;
			children = (
				BE293D5E2DA6B3AE00A82949 /* SampleVideo.mp4 */,
			);
			path = Resource;
			sourceTree = "<group>";
		};
		BE293D612DA6B4A700A82949 /* Home */ = {
			isa = PBXGroup;
			children = (
				BE62502A2D94645600C16202 /* ViewController.swift */,
			);
			path = Home;
			sourceTree = "<group>";
		};
		BE3522E72DA80BE0001B65E8 /* Extention */ = {
			isa = PBXGroup;
			children = (
			);
			path = Extention;
			sourceTree = "<group>";
		};
		BE624FFD2D94644F00C16202 = {
			isa = PBXGroup;
			children = (
				BE62502B2D94645600C16202 /* VideoEditing */,
				BE6250072D94644F00C16202 /* Products */,
			);
			sourceTree = "<group>";
		};
		BE6250072D94644F00C16202 /* Products */ = {
			isa = PBXGroup;
			children = (
				BE6250062D94644F00C16202 /* VideoEditing.app */,
			);
			name = Products;
			sourceTree = "<group>";
		};
		BE62502B2D94645600C16202 /* VideoEditing */ = {
			isa = PBXGroup;
			children = (
				BE3522E72DA80BE0001B65E8 /* Extention */,
				BE293D602DA6B3B300A82949 /* Resource */,
				BE982A9F2DA12089007E15E5 /* Common */,
				BE982A932DA107BB007E15E5 /* Controller */,
				BE982A922DA107A6007E15E5 /* View */,
				BE982A912DA10792007E15E5 /* System */,
				BE6250222D94645600C16202 /* Assets.xcassets */,
				BE6250232D94645600C16202 /* Info.plist */,
				BE6250292D94645600C16202 /* VideoEditing.xcdatamodeld */,
			);
			path = VideoEditing;
			sourceTree = "<group>";
		};
		BE982A912DA10792007E15E5 /* System */ = {
			isa = PBXGroup;
			children = (
				BE6250212D94645600C16202 /* AppDelegate.swift */,
				BE6250282D94645600C16202 /* SceneDelegate.swift */,
			);
			path = System;
			sourceTree = "<group>";
		};
		BE982A922DA107A6007E15E5 /* View */ = {
			isa = PBXGroup;
			children = (
				BEDFCB3F2DB14A4300657CA9 /* SpeedCell */,
				BE982A992DA11CFB007E15E5 /* FilterCVCell */,
				BE982A942DA107D2007E15E5 /* MenuCVCell */,
				BE6250272D94645600C16202 /* Main.storyboard */,
				BE6250252D94645600C16202 /* LaunchScreen.storyboard */,
			);
			path = View;
			sourceTree = "<group>";
		};
		BE982A932DA107BB007E15E5 /* Controller */ = {
			isa = PBXGroup;
			children = (
				BE293D612DA6B4A700A82949 /* Home */,
				BE293D552DA6B25700A82949 /* Trimmer */,
			);
			path = Controller;
			sourceTree = "<group>";
		};
		BE982A942DA107D2007E15E5 /* MenuCVCell */ = {
			isa = PBXGroup;
			children = (
				BE982A952DA10817007E15E5 /* MenuCVCell.swift */,
				BE982A962DA10817007E15E5 /* MenuCVCell.xib */,
			);
			path = MenuCVCell;
			sourceTree = "<group>";
		};
		BE982A992DA11CFB007E15E5 /* FilterCVCell */ = {
			isa = PBXGroup;
			children = (
				BE982A9A2DA11D15007E15E5 /* FilterCVCell.swift */,
				BE982A9B2DA11D15007E15E5 /* FilterCVCell.xib */,
			);
			path = FilterCVCell;
			sourceTree = "<group>";
		};
		BE982A9F2DA12089007E15E5 /* Common */ = {
			isa = PBXGroup;
			children = (
				BE1739A22DA814AD003936FC /* ActivityIndicator */,
				BE982AA02DA1215B007E15E5 /* CommonEditor.swift */,
			);
			path = Common;
			sourceTree = "<group>";
		};
		BEDFCB3F2DB14A4300657CA9 /* SpeedCell */ = {
			isa = PBXGroup;
			children = (
				BEDFCB402DB14A5E00657CA9 /* SpeedCell.swift */,
				BEDFCB412DB14A5E00657CA9 /* SpeedCell.xib */,
			);
			path = SpeedCell;
			sourceTree = "<group>";
		};
/* End PBXGroup section */

/* Begin PBXNativeTarget section */
		BE6250052D94644F00C16202 /* VideoEditing */ = {
			isa = PBXNativeTarget;
			buildConfigurationList = BE62501C2D94645000C16202 /* Build configuration list for PBXNativeTarget "VideoEditing" */;
			buildPhases = (
				BE6250022D94644F00C16202 /* Sources */,
				BE6250032D94644F00C16202 /* Frameworks */,
				BE6250042D94644F00C16202 /* Resources */,
			);
			buildRules = (
			);
			dependencies = (
			);
			name = VideoEditing;
			packageProductDependencies = (
				BE17399E2DA81313003936FC /* NVActivityIndicatorView */,
				BE1739A02DA81313003936FC /* NVActivityIndicatorViewExtended */,
				BE0F21412DB18FF000522A89 /* VideoEditorSDK */,
			);
			productName = VideoEditing;
			productReference = BE6250062D94644F00C16202 /* VideoEditing.app */;
			productType = "com.apple.product-type.application";
		};
/* End PBXNativeTarget section */

/* Begin PBXProject section */
		BE624FFE2D94644F00C16202 /* Project object */ = {
			isa = PBXProject;
			attributes = {
				BuildIndependentTargetsInParallel = 1;
				LastSwiftUpdateCheck = 1610;
				LastUpgradeCheck = 1610;
				TargetAttributes = {
					BE6250052D94644F00C16202 = {
						CreatedOnToolsVersion = 16.1;
					};
				};
			};
			buildConfigurationList = BE6250012D94644F00C16202 /* Build configuration list for PBXProject "VideoEditing" */;
			developmentRegion = en;
			hasScannedForEncodings = 0;
			knownRegions = (
				en,
				Base,
			);
			mainGroup = BE624FFD2D94644F00C16202;
			minimizedProjectReferenceProxies = 1;
			packageReferences = (
				BE17399D2DA81313003936FC /* XCRemoteSwiftPackageReference "NVActivityIndicatorView" */,
				BE0F21402DB18FF000522A89 /* XCRemoteSwiftPackageReference "vesdk-ios-build" */,
			);
			preferredProjectObjectVersion = 77;
			productRefGroup = BE6250072D94644F00C16202 /* Products */;
			projectDirPath = "";
			projectRoot = "";
			targets = (
				BE6250052D94644F00C16202 /* VideoEditing */,
			);
		};
/* End PBXProject section */

/* Begin PBXResourcesBuildPhase section */
		BE6250042D94644F00C16202 /* Resources */ = {
			isa = PBXResourcesBuildPhase;
			buildActionMask = 2147483647;
			files = (
				BE6250312D94645600C16202 /* Assets.xcassets in Resources */,
				BE293D5F2DA6B3AE00A82949 /* SampleVideo.mp4 in Resources */,
				BE982A982DA10817007E15E5 /* MenuCVCell.xib in Resources */,
				BE293D5D2DA6B38600A82949 /* TrimmerViewController.storyboard in Resources */,
				BE982A9D2DA11D15007E15E5 /* FilterCVCell.xib in Resources */,
				BE6250332D94645600C16202 /* LaunchScreen.storyboard in Resources */,
				BE6250342D94645600C16202 /* Main.storyboard in Resources */,
				BEDFCB422DB14A5E00657CA9 /* SpeedCell.xib in Resources */,
			);
			runOnlyForDeploymentPostprocessing = 0;
		};
/* End PBXResourcesBuildPhase section */

/* Begin PBXSourcesBuildPhase section */
		BE6250022D94644F00C16202 /* Sources */ = {
			isa = PBXSourcesBuildPhase;
			buildActionMask = 2147483647;
			files = (
				BE293D5B2DA6B2F100A82949 /* VideoTrimmer.swift in Sources */,
				BE982A9C2DA11D15007E15E5 /* FilterCVCell.swift in Sources */,
				BE62502D2D94645600C16202 /* AppDelegate.swift in Sources */,
				BEDFCB432DB14A5E00657CA9 /* SpeedCell.swift in Sources */,
				BE1739A42DA814C8003936FC /* ActivityIndicatorManager.swift in Sources */,
				BE62502E2D94645600C16202 /* SceneDelegate.swift in Sources */,
				BE293D592DA6B2DD00A82949 /* VideoTrimmerThumb.swift in Sources */,
				BE982A972DA10817007E15E5 /* MenuCVCell.swift in Sources */,
				BE62502F2D94645600C16202 /* VideoEditing.xcdatamodeld in Sources */,
				BE293D572DA6B28C00A82949 /* TrimmerViewController.swift in Sources */,
				BE6250302D94645600C16202 /* ViewController.swift in Sources */,
				BE982AA12DA1215E007E15E5 /* CommonEditor.swift in Sources */,
			);
			runOnlyForDeploymentPostprocessing = 0;
		};
/* End PBXSourcesBuildPhase section */

/* Begin PBXVariantGroup section */
		BE6250252D94645600C16202 /* LaunchScreen.storyboard */ = {
			isa = PBXVariantGroup;
			children = (
				BE6250242D94645600C16202 /* Base */,
			);
			name = LaunchScreen.storyboard;
			sourceTree = "<group>";
		};
		BE6250272D94645600C16202 /* Main.storyboard */ = {
			isa = PBXVariantGroup;
			children = (
				BE6250262D94645600C16202 /* Base */,
			);
			name = Main.storyboard;
			sourceTree = "<group>";
		};
/* End PBXVariantGroup section */

/* Begin XCBuildConfiguration section */
		BE62501D2D94645000C16202 /* Debug */ = {
			isa = XCBuildConfiguration;
			buildSettings = {
				ASSETCATALOG_COMPILER_APPICON_NAME = AppIcon;
				ASSETCATALOG_COMPILER_GLOBAL_ACCENT_COLOR_NAME = AccentColor;
				CODE_SIGN_STYLE = Automatic;
				CURRENT_PROJECT_VERSION = 1;
				DEVELOPMENT_TEAM = 6A3422XNLB;
				GENERATE_INFOPLIST_FILE = YES;
				INFOPLIST_FILE = VideoEditing/Info.plist;
				INFOPLIST_KEY_UIApplicationSupportsIndirectInputEvents = YES;
				INFOPLIST_KEY_UILaunchStoryboardName = LaunchScreen;
				INFOPLIST_KEY_UIMainStoryboardFile = Main;
				INFOPLIST_KEY_UISupportedInterfaceOrientations_iPad = "UIInterfaceOrientationPortrait UIInterfaceOrientationPortraitUpsideDown UIInterfaceOrientationLandscapeLeft UIInterfaceOrientationLandscapeRight";
				INFOPLIST_KEY_UISupportedInterfaceOrientations_iPhone = "UIInterfaceOrientationPortrait UIInterfaceOrientationLandscapeLeft UIInterfaceOrientationLandscapeRight";
				IPHONEOS_DEPLOYMENT_TARGET = 15.6;
				LD_RUNPATH_SEARCH_PATHS = (
					"$(inherited)",
					"@executable_path/Frameworks",
				);
				MARKETING_VERSION = 1.0;
				PRODUCT_BUNDLE_IDENTIFIER = com.murad.aihomewrok;
				PRODUCT_NAME = "$(TARGET_NAME)";
				SWIFT_EMIT_LOC_STRINGS = YES;
				SWIFT_VERSION = 5.0;
				TARGETED_DEVICE_FAMILY = "1,2";
			};
			name = Debug;
		};
		BE62501E2D94645000C16202 /* Release */ = {
			isa = XCBuildConfiguration;
			buildSettings = {
				ASSETCATALOG_COMPILER_APPICON_NAME = AppIcon;
				ASSETCATALOG_COMPILER_GLOBAL_ACCENT_COLOR_NAME = AccentColor;
				CODE_SIGN_STYLE = Automatic;
				CURRENT_PROJECT_VERSION = 1;
				DEVELOPMENT_TEAM = 6A3422XNLB;
				GENERATE_INFOPLIST_FILE = YES;
				INFOPLIST_FILE = VideoEditing/Info.plist;
				INFOPLIST_KEY_UIApplicationSupportsIndirectInputEvents = YES;
				INFOPLIST_KEY_UILaunchStoryboardName = LaunchScreen;
				INFOPLIST_KEY_UIMainStoryboardFile = Main;
				INFOPLIST_KEY_UISupportedInterfaceOrientations_iPad = "UIInterfaceOrientationPortrait UIInterfaceOrientationPortraitUpsideDown UIInterfaceOrientationLandscapeLeft UIInterfaceOrientationLandscapeRight";
				INFOPLIST_KEY_UISupportedInterfaceOrientations_iPhone = "UIInterfaceOrientationPortrait UIInterfaceOrientationLandscapeLeft UIInterfaceOrientationLandscapeRight";
				IPHONEOS_DEPLOYMENT_TARGET = 15.6;
				LD_RUNPATH_SEARCH_PATHS = (
					"$(inherited)",
					"@executable_path/Frameworks",
				);
				MARKETING_VERSION = 1.0;
				PRODUCT_BUNDLE_IDENTIFIER = com.murad.aihomewrok;
				PRODUCT_NAME = "$(TARGET_NAME)";
				SWIFT_EMIT_LOC_STRINGS = YES;
				SWIFT_VERSION = 5.0;
				TARGETED_DEVICE_FAMILY = "1,2";
			};
			name = Release;
		};
		BE62501F2D94645000C16202 /* Debug */ = {
			isa = XCBuildConfiguration;
			buildSettings = {
				ALWAYS_SEARCH_USER_PATHS = NO;
				ASSETCATALOG_COMPILER_GENERATE_SWIFT_ASSET_SYMBOL_EXTENSIONS = YES;
				CLANG_ANALYZER_NONNULL = YES;
				CLANG_ANALYZER_NUMBER_OBJECT_CONVERSION = YES_AGGRESSIVE;
				CLANG_CXX_LANGUAGE_STANDARD = "gnu++20";
				CLANG_ENABLE_MODULES = YES;
				CLANG_ENABLE_OBJC_ARC = YES;
				CLANG_ENABLE_OBJC_WEAK = YES;
				CLANG_WARN_BLOCK_CAPTURE_AUTORELEASING = YES;
				CLANG_WARN_BOOL_CONVERSION = YES;
				CLANG_WARN_COMMA = YES;
				CLANG_WARN_CONSTANT_CONVERSION = YES;
				CLANG_WARN_DEPRECATED_OBJC_IMPLEMENTATIONS = YES;
				CLANG_WARN_DIRECT_OBJC_ISA_USAGE = YES_ERROR;
				CLANG_WARN_DOCUMENTATION_COMMENTS = YES;
				CLANG_WARN_EMPTY_BODY = YES;
				CLANG_WARN_ENUM_CONVERSION = YES;
				CLANG_WARN_INFINITE_RECURSION = YES;
				CLANG_WARN_INT_CONVERSION = YES;
				CLANG_WARN_NON_LITERAL_NULL_CONVERSION = YES;
				CLANG_WARN_OBJC_IMPLICIT_RETAIN_SELF = YES;
				CLANG_WARN_OBJC_LITERAL_CONVERSION = YES;
				CLANG_WARN_OBJC_ROOT_CLASS = YES_ERROR;
				CLANG_WARN_QUOTED_INCLUDE_IN_FRAMEWORK_HEADER = YES;
				CLANG_WARN_RANGE_LOOP_ANALYSIS = YES;
				CLANG_WARN_STRICT_PROTOTYPES = YES;
				CLANG_WARN_SUSPICIOUS_MOVE = YES;
				CLANG_WARN_UNGUARDED_AVAILABILITY = YES_AGGRESSIVE;
				CLANG_WARN_UNREACHABLE_CODE = YES;
				CLANG_WARN__DUPLICATE_METHOD_MATCH = YES;
				COPY_PHASE_STRIP = NO;
				DEBUG_INFORMATION_FORMAT = dwarf;
				ENABLE_STRICT_OBJC_MSGSEND = YES;
				ENABLE_TESTABILITY = YES;
				ENABLE_USER_SCRIPT_SANDBOXING = YES;
				GCC_C_LANGUAGE_STANDARD = gnu17;
				GCC_DYNAMIC_NO_PIC = NO;
				GCC_NO_COMMON_BLOCKS = YES;
				GCC_OPTIMIZATION_LEVEL = 0;
				GCC_PREPROCESSOR_DEFINITIONS = (
					"DEBUG=1",
					"$(inherited)",
				);
				GCC_WARN_64_TO_32_BIT_CONVERSION = YES;
				GCC_WARN_ABOUT_RETURN_TYPE = YES_ERROR;
				GCC_WARN_UNDECLARED_SELECTOR = YES;
				GCC_WARN_UNINITIALIZED_AUTOS = YES_AGGRESSIVE;
				GCC_WARN_UNUSED_FUNCTION = YES;
				GCC_WARN_UNUSED_VARIABLE = YES;
				IPHONEOS_DEPLOYMENT_TARGET = 18.1;
				LOCALIZATION_PREFERS_STRING_CATALOGS = YES;
				MTL_ENABLE_DEBUG_INFO = INCLUDE_SOURCE;
				MTL_FAST_MATH = YES;
				ONLY_ACTIVE_ARCH = YES;
				SDKROOT = iphoneos;
				SWIFT_ACTIVE_COMPILATION_CONDITIONS = "DEBUG $(inherited)";
				SWIFT_OPTIMIZATION_LEVEL = "-Onone";
			};
			name = Debug;
		};
		BE6250202D94645000C16202 /* Release */ = {
			isa = XCBuildConfiguration;
			buildSettings = {
				ALWAYS_SEARCH_USER_PATHS = NO;
				ASSETCATALOG_COMPILER_GENERATE_SWIFT_ASSET_SYMBOL_EXTENSIONS = YES;
				CLANG_ANALYZER_NONNULL = YES;
				CLANG_ANALYZER_NUMBER_OBJECT_CONVERSION = YES_AGGRESSIVE;
				CLANG_CXX_LANGUAGE_STANDARD = "gnu++20";
				CLANG_ENABLE_MODULES = YES;
				CLANG_ENABLE_OBJC_ARC = YES;
				CLANG_ENABLE_OBJC_WEAK = YES;
				CLANG_WARN_BLOCK_CAPTURE_AUTORELEASING = YES;
				CLANG_WARN_BOOL_CONVERSION = YES;
				CLANG_WARN_COMMA = YES;
				CLANG_WARN_CONSTANT_CONVERSION = YES;
				CLANG_WARN_DEPRECATED_OBJC_IMPLEMENTATIONS = YES;
				CLANG_WARN_DIRECT_OBJC_ISA_USAGE = YES_ERROR;
				CLANG_WARN_DOCUMENTATION_COMMENTS = YES;
				CLANG_WARN_EMPTY_BODY = YES;
				CLANG_WARN_ENUM_CONVERSION = YES;
				CLANG_WARN_INFINITE_RECURSION = YES;
				CLANG_WARN_INT_CONVERSION = YES;
				CLANG_WARN_NON_LITERAL_NULL_CONVERSION = YES;
				CLANG_WARN_OBJC_IMPLICIT_RETAIN_SELF = YES;
				CLANG_WARN_OBJC_LITERAL_CONVERSION = YES;
				CLANG_WARN_OBJC_ROOT_CLASS = YES_ERROR;
				CLANG_WARN_QUOTED_INCLUDE_IN_FRAMEWORK_HEADER = YES;
				CLANG_WARN_RANGE_LOOP_ANALYSIS = YES;
				CLANG_WARN_STRICT_PROTOTYPES = YES;
				CLANG_WARN_SUSPICIOUS_MOVE = YES;
				CLANG_WARN_UNGUARDED_AVAILABILITY = YES_AGGRESSIVE;
				CLANG_WARN_UNREACHABLE_CODE = YES;
				CLANG_WARN__DUPLICATE_METHOD_MATCH = YES;
				COPY_PHASE_STRIP = NO;
				DEBUG_INFORMATION_FORMAT = "dwarf-with-dsym";
				ENABLE_NS_ASSERTIONS = NO;
				ENABLE_STRICT_OBJC_MSGSEND = YES;
				ENABLE_USER_SCRIPT_SANDBOXING = YES;
				GCC_C_LANGUAGE_STANDARD = gnu17;
				GCC_NO_COMMON_BLOCKS = YES;
				GCC_WARN_64_TO_32_BIT_CONVERSION = YES;
				GCC_WARN_ABOUT_RETURN_TYPE = YES_ERROR;
				GCC_WARN_UNDECLARED_SELECTOR = YES;
				GCC_WARN_UNINITIALIZED_AUTOS = YES_AGGRESSIVE;
				GCC_WARN_UNUSED_FUNCTION = YES;
				GCC_WARN_UNUSED_VARIABLE = YES;
				IPHONEOS_DEPLOYMENT_TARGET = 18.1;
				LOCALIZATION_PREFERS_STRING_CATALOGS = YES;
				MTL_ENABLE_DEBUG_INFO = NO;
				MTL_FAST_MATH = YES;
				SDKROOT = iphoneos;
				SWIFT_COMPILATION_MODE = wholemodule;
				VALIDATE_PRODUCT = YES;
			};
			name = Release;
		};
/* End XCBuildConfiguration section */

/* Begin XCConfigurationList section */
		BE6250012D94644F00C16202 /* Build configuration list for PBXProject "VideoEditing" */ = {
			isa = XCConfigurationList;
			buildConfigurations = (
				BE62501F2D94645000C16202 /* Debug */,
				BE6250202D94645000C16202 /* Release */,
			);
			defaultConfigurationIsVisible = 0;
			defaultConfigurationName = Release;
		};
		BE62501C2D94645000C16202 /* Build configuration list for PBXNativeTarget "VideoEditing" */ = {
			isa = XCConfigurationList;
			buildConfigurations = (
				BE62501D2D94645000C16202 /* Debug */,
				BE62501E2D94645000C16202 /* Release */,
			);
			defaultConfigurationIsVisible = 0;
			defaultConfigurationName = Release;
		};
/* End XCConfigurationList section */

/* Begin XCRemoteSwiftPackageReference section */
		BE0F21402DB18FF000522A89 /* XCRemoteSwiftPackageReference "vesdk-ios-build" */ = {
			isa = XCRemoteSwiftPackageReference;
			repositoryURL = "https://github.com/imgly/vesdk-ios-build";
			requirement = {
				kind = upToNextMajorVersion;
				minimumVersion = 11.10.2;
			};
		};
		BE17399D2DA81313003936FC /* XCRemoteSwiftPackageReference "NVActivityIndicatorView" */ = {
			isa = XCRemoteSwiftPackageReference;
			repositoryURL = "https://github.com/ninjaprox/NVActivityIndicatorView.git";
			requirement = {
				kind = upToNextMajorVersion;
				minimumVersion = 5.2.0;
			};
		};
/* End XCRemoteSwiftPackageReference section */

/* Begin XCSwiftPackageProductDependency section */
		BE0F21412DB18FF000522A89 /* VideoEditorSDK */ = {
			isa = XCSwiftPackageProductDependency;
			package = BE0F21402DB18FF000522A89 /* XCRemoteSwiftPackageReference "vesdk-ios-build" */;
			productName = VideoEditorSDK;
		};
		BE17399E2DA81313003936FC /* NVActivityIndicatorView */ = {
			isa = XCSwiftPackageProductDependency;
			package = BE17399D2DA81313003936FC /* XCRemoteSwiftPackageReference "NVActivityIndicatorView" */;
			productName = NVActivityIndicatorView;
		};
		BE1739A02DA81313003936FC /* NVActivityIndicatorViewExtended */ = {
			isa = XCSwiftPackageProductDependency;
			package = BE17399D2DA81313003936FC /* XCRemoteSwiftPackageReference "NVActivityIndicatorView" */;
			productName = NVActivityIndicatorViewExtended;
		};
/* End XCSwiftPackageProductDependency section */

/* Begin XCVersionGroup section */
		BE6250292D94645600C16202 /* VideoEditing.xcdatamodeld */ = {
			isa = XCVersionGroup;
			children = (
				BE62502C2D94645600C16202 /* VideoEditing.xcdatamodel */,
			);
			currentVersion = BE62502C2D94645600C16202 /* VideoEditing.xcdatamodel */;
			path = VideoEditing.xcdatamodeld;
			sourceTree = "<group>";
			versionGroupType = wrapper.xcdatamodel;
		};
/* End XCVersionGroup section */
	};
	rootObject = BE624FFE2D94644F00C16202 /* Project object */;
}
